
Microsoft Visual Studio Solution File, Format Version 12.00
# Visual Studio Version 17
VisualStudioVersion = 17.1.32210.238
MinimumVisualStudioVersion = 10.0.40219.1
Project("{8BC9CEB8-8B4A-11D0-8D11-00A0C91BC942}") = "Lab4_mat_prog", "Lab4_mat_prog\Lab4_mat_prog.vcxproj", "{5AF2CD32-1641-4C8F-B62B-1F88EF6A41EC}"
EndProject
Project("{8BC9CEB8-8B4A-11D0-8D11-00A0C91BC942}") = "Lab4_mat_prog_ex_2", "Lab4_mat_prog_ex_2\Lab4_mat_prog_ex_2.vcxproj", "{5AEA0B46-4FBF-4943-A712-F30E79545A24}"
EndProject
Project("{8BC9CEB8-8B4A-11D0-8D11-00A0C91BC942}") = "Lab4_mat_prog_ex_5", "Lab4_mat_prog_ex_5\Lab4_mat_prog_ex_5.vcxproj", "{1F64EBC0-591B-4174-94BD-EF0AD164E9B4}"
EndProject
Global
	GlobalSection(SolutionConfigurationPlatforms) = preSolution
		Debug|x64 = Debug|x64
		Debug|x86 = Debug|x86
		Release|x64 = Release|x64
		Release|x86 = Release|x86
	EndGlobalSection
	GlobalSection(ProjectConfigurationPlatforms) = postSolution
		{5AF2CD32-1641-4C8F-B62B-1F88EF6A41EC}.Debug|x64.ActiveCfg = Debug|x64
		{5AF2CD32-1641-4C8F-B62B-1F88EF6A41EC}.Debug|x64.Build.0 = Debug|x64
		{5AF2CD32-1641-4C8F-B62B-1F88EF6A41EC}.Debug|x86.ActiveCfg = Debug|Win32
		{5AF2CD32-1641-4C8F-B62B-1F88EF6A41EC}.Debug|x86.Build.0 = Debug|Win32
		{5AF2CD32-1641-4C8F-B62B-1F88EF6A41EC}.Release|x64.ActiveCfg = Release|x64
		{5AF2CD32-1641-4C8F-B62B-1F88EF6A41EC}.Release|x64.Build.0 = Release|x64
		{5AF2CD32-1641-4C8F-B62B-1F88EF6A41EC}.Release|x86.ActiveCfg = Release|Win32
		{5AF2CD32-1641-4C8F-B62B-1F88EF6A41EC}.Release|x86.Build.0 = Release|Win32
		{5AEA0B46-4FBF-4943-A712-F30E79545A24}.Debug|x64.ActiveCfg = Debug|x64
		{5AEA0B46-4FBF-4943-A712-F30E79545A24}.Debug|x64.Build.0 = Debug|x64
		{5AEA0B46-4FBF-4943-A712-F30E79545A24}.Debug|x86.ActiveCfg = Debug|Win32
		{5AEA0B46-4FBF-4943-A712-F30E79545A24}.Debug|x86.Build.0 = Debug|Win32
		{5AEA0B46-4FBF-4943-A712-F30E79545A24}.Release|x64.ActiveCfg = Release|x64
		{5AEA0B46-4FBF-4943-A712-F30E79545A24}.Release|x64.Build.0 = Release|x64
		{5AEA0B46-4FBF-4943-A712-F30E79545A24}.Release|x86.ActiveCfg = Release|Win32
		{5AEA0B46-4FBF-4943-A712-F30E79545A24}.Release|x86.Build.0 = Release|Win32
		{1F64EBC0-591B-4174-94BD-EF0AD164E9B4}.Debug|x64.ActiveCfg = Debug|x64
		{1F64EBC0-591B-4174-94BD-EF0AD164E9B4}.Debug|x64.Build.0 = Debug|x64
		{1F64EBC0-591B-4174-94BD-EF0AD164E9B4}.Debug|x86.ActiveCfg = Debug|Win32
		{1F64EBC0-591B-4174-94BD-EF0AD164E9B4}.Debug|x86.Build.0 = Debug|Win32
		{1F64EBC0-591B-4174-94BD-EF0AD164E9B4}.Release|x64.ActiveCfg = Release|x64
		{1F64EBC0-591B-4174-94BD-EF0AD164E9B4}.Release|x64.Build.0 = Release|x64
		{1F64EBC0-591B-4174-94BD-EF0AD164E9B4}.Release|x86.ActiveCfg = Release|Win32
		{1F64EBC0-591B-4174-94BD-EF0AD164E9B4}.Release|x86.Build.0 = Release|Win32
	EndGlobalSection
	GlobalSection(SolutionProperties) = preSolution
		HideSolutionNode = FALSE
	EndGlobalSection
	GlobalSection(ExtensibilityGlobals) = postSolution
		SolutionGuid = {A9558E98-42E5-4B79-A184-E23BE12D4404}
	EndGlobalSection
EndGlobal
